{
  "version": 4,
  "terraform_version": "1.2.4",
  "serial": 438,
  "lineage": "af4886ca-b1ee-006f-fafb-83c7a9247c73",
  "outputs": {},
  "resources": [
    {
      "module": "module.cicd-api-1",
      "mode": "managed",
      "type": "aws_s3_bucket",
      "name": "build_cache",
      "provider": "provider[\"registry.terraform.io/hashicorp/aws\"]",
      "instances": [
        {
          "schema_version": 0,
          "attributes": {
            "acceleration_status": "",
            "acl": null,
            "arn": "arn:aws:s3:::aws-monorepo-poc-build-cache-api-1-staging",
            "bucket": "aws-monorepo-poc-build-cache-api-1-staging",
            "bucket_domain_name": "aws-monorepo-poc-build-cache-api-1-staging.s3.amazonaws.com",
            "bucket_prefix": null,
            "bucket_regional_domain_name": "aws-monorepo-poc-build-cache-api-1-staging.s3.amazonaws.com",
            "cors_rule": [],
            "force_destroy": false,
            "grant": [
              {
                "id": "fbd0d69a9ee7b97eac2b47bef2427ebb800da23017927334aa1dfd939ece8df0",
                "permissions": [
                  "FULL_CONTROL"
                ],
                "type": "CanonicalUser",
                "uri": ""
              }
            ],
            "hosted_zone_id": "Z3AQBSTGFYJSTF",
            "id": "aws-monorepo-poc-build-cache-api-1-staging",
            "lifecycle_rule": [],
            "logging": [],
            "object_lock_configuration": [],
            "object_lock_enabled": false,
            "policy": "",
            "region": "us-east-1",
            "replication_configuration": [],
            "request_payer": "BucketOwner",
            "server_side_encryption_configuration": [],
            "tags": {
              "Environment": "staging",
              "Project": "aws-monorepo-poc"
            },
            "tags_all": {
              "Environment": "staging",
              "Project": "aws-monorepo-poc"
            },
            "versioning": [
              {
                "enabled": false,
                "mfa_delete": false
              }
            ],
            "website": [],
            "website_domain": null,
            "website_endpoint": null
          },
          "sensitive_attributes": [],
          "private": "bnVsbA=="
        }
      ]
    },
    {
      "module": "module.cicd-api-2",
      "mode": "managed",
      "type": "aws_s3_bucket",
      "name": "build_cache",
      "provider": "provider[\"registry.terraform.io/hashicorp/aws\"]",
      "instances": [
        {
          "schema_version": 0,
          "attributes": {
            "acceleration_status": "",
            "acl": null,
            "arn": "arn:aws:s3:::aws-monorepo-poc-build-cache-api-2-staging",
            "bucket": "aws-monorepo-poc-build-cache-api-2-staging",
            "bucket_domain_name": "aws-monorepo-poc-build-cache-api-2-staging.s3.amazonaws.com",
            "bucket_prefix": null,
            "bucket_regional_domain_name": "aws-monorepo-poc-build-cache-api-2-staging.s3.amazonaws.com",
            "cors_rule": [],
            "force_destroy": false,
            "grant": [
              {
                "id": "fbd0d69a9ee7b97eac2b47bef2427ebb800da23017927334aa1dfd939ece8df0",
                "permissions": [
                  "FULL_CONTROL"
                ],
                "type": "CanonicalUser",
                "uri": ""
              }
            ],
            "hosted_zone_id": "Z3AQBSTGFYJSTF",
            "id": "aws-monorepo-poc-build-cache-api-2-staging",
            "lifecycle_rule": [],
            "logging": [],
            "object_lock_configuration": [],
            "object_lock_enabled": false,
            "policy": "",
            "region": "us-east-1",
            "replication_configuration": [],
            "request_payer": "BucketOwner",
            "server_side_encryption_configuration": [],
            "tags": {
              "Environment": "staging",
              "Project": "aws-monorepo-poc"
            },
            "tags_all": {
              "Environment": "staging",
              "Project": "aws-monorepo-poc"
            },
            "versioning": [
              {
                "enabled": false,
                "mfa_delete": false
              }
            ],
            "website": [],
            "website_domain": null,
            "website_endpoint": null
          },
          "sensitive_attributes": [],
          "private": "bnVsbA=="
        }
      ]
    }
  ]
}
